
Microsoft Visual Studio Solution File, Format Version 10.00
# Visual C# Express 2008
Project("{FAE04EC0-301F-11D3-BF4B-00C04F79EFBC}") = "Lab6", "Lab6\Lab6.csproj", "{F543F8A9-52F4-4DA2-982E-F2F5C8D4D216}"
EndProject
Global
	GlobalSection(SolutionConfigurationPlatforms) = preSolution
		Debug|Any CPU = Debug|Any CPU
		Release|Any CPU = Release|Any CPU
	EndGlobalSection
	GlobalSection(ProjectConfigurationPlatforms) = postSolution
		{F543F8A9-52F4-4DA2-982E-F2F5C8D4D216}.Debug|Any CPU.ActiveCfg = Debug|Any CPU
		{F543F8A9-52F4-4DA2-982E-F2F5C8D4D216}.Debug|Any CPU.Build.0 = Debug|Any CPU
		{F543F8A9-52F4-4DA2-982E-F2F5C8D4D216}.Release|Any CPU.ActiveCfg = Release|Any CPU
		{F543F8A9-52F4-4DA2-982E-F2F5C8D4D216}.Release|Any CPU.Build.0 = Release|Any CPU
	EndGlobalSection
	GlobalSection(SolutionProperties) = preSolution
		HideSolutionNode = FALSE
	EndGlobalSection
EndGlobal
